Microsoft Visual Studio Solution File, Format Version 12.00
# Visual Studio Version 17
VisualStudioVersion = 17.5.2.0
MinimumVisualStudioVersion = 10.0.40219.1
Project("{FAE04EC0-301F-11D3-BF4B-00C04F79EFBC}") = "ConverterApp", "ConverterApp.csproj", "{848BA9D0-7084-DAC1-B8D6-B661EE0F1744}"
EndProject
Project("{FAE04EC0-301F-11D3-BF4B-00C04F79EFBC}") = "QemuImgWinForms", "QemuImgWinForms.csproj", "{3E9F50EC-4827-C130-5E08-E7B0B326E0BC}"
EndProject
Global
	GlobalSection(SolutionConfigurationPlatforms) = preSolution
		Debug|Any CPU = Debug|Any CPU
		Release|Any CPU = Release|Any CPU
	EndGlobalSection
	GlobalSection(ProjectConfigurationPlatforms) = postSolution
		{848BA9D0-7084-DAC1-B8D6-B661EE0F1744}.Debug|Any CPU.ActiveCfg = Debug|Any CPU
		{848BA9D0-7084-DAC1-B8D6-B661EE0F1744}.Debug|Any CPU.Build.0 = Debug|Any CPU
		{848BA9D0-7084-DAC1-B8D6-B661EE0F1744}.Release|Any CPU.ActiveCfg = Release|Any CPU
		{848BA9D0-7084-DAC1-B8D6-B661EE0F1744}.Release|Any CPU.Build.0 = Release|Any CPU
		{3E9F50EC-4827-C130-5E08-E7B0B326E0BC}.Debug|Any CPU.ActiveCfg = Debug|Any CPU
		{3E9F50EC-4827-C130-5E08-E7B0B326E0BC}.Debug|Any CPU.Build.0 = Debug|Any CPU
		{3E9F50EC-4827-C130-5E08-E7B0B326E0BC}.Release|Any CPU.ActiveCfg = Release|Any CPU
		{3E9F50EC-4827-C130-5E08-E7B0B326E0BC}.Release|Any CPU.Build.0 = Release|Any CPU
	EndGlobalSection
	GlobalSection(SolutionProperties) = preSolution
		HideSolutionNode = FALSE
	EndGlobalSection
	GlobalSection(ExtensibilityGlobals) = postSolution
		SolutionGuid = {8494D625-CD58-4FE5-8D3A-29806C7AD3D3}
	EndGlobalSection
EndGlobal
